// !$*UTF8*$!
{
	archiveVersion = 1;
	classes = {
	};
	objectVersion = 55;
	objects = {

/* Begin PBXBuildFile section */
		841E8FE1278622EB00B6DA0D /* SavedViewModel+ItemProviderProtocol.swift in Sources */ = {isa = PBXBuildFile; fileRef = 841E8FE0278622EB00B6DA0D /* SavedViewModel+ItemProviderProtocol.swift */; };
		841E8FE52786283800B6DA0D /* PersistencyDataManager+Protocol.swift in Sources */ = {isa = PBXBuildFile; fileRef = 841E8FE42786283800B6DA0D /* PersistencyDataManager+Protocol.swift */; };
		841E8FE7278628AB00B6DA0D /* DetailViewModel+Network.swift in Sources */ = {isa = PBXBuildFile; fileRef = 841E8FE6278628AB00B6DA0D /* DetailViewModel+Network.swift */; };
		841E8FEA2786BE6F00B6DA0D /* SaveButtonViewData.swift in Sources */ = {isa = PBXBuildFile; fileRef = 841E8FE92786BE6F00B6DA0D /* SaveButtonViewData.swift */; };
		841E8FEC2786BEBC00B6DA0D /* SaveButtonView.swift in Sources */ = {isa = PBXBuildFile; fileRef = 841E8FEB2786BEBC00B6DA0D /* SaveButtonView.swift */; };
		841E8FEE2787452900B6DA0D /* DataPersistencyStatusProtocol.swift in Sources */ = {isa = PBXBuildFile; fileRef = 841E8FED2787452900B6DA0D /* DataPersistencyStatusProtocol.swift */; };
		841E8FF027875B6200B6DA0D /* HomeViewModel+Network.swift in Sources */ = {isa = PBXBuildFile; fileRef = 841E8FEF27875B6200B6DA0D /* HomeViewModel+Network.swift */; };
		844C9F45278429D8008B94C4 /* AppDelegate.swift in Sources */ = {isa = PBXBuildFile; fileRef = 844C9F44278429D8008B94C4 /* AppDelegate.swift */; };
		844C9F4E278429DC008B94C4 /* Assets.xcassets in Resources */ = {isa = PBXBuildFile; fileRef = 844C9F4D278429DC008B94C4 /* Assets.xcassets */; };
		844C9F51278429DC008B94C4 /* LaunchScreen.storyboard in Resources */ = {isa = PBXBuildFile; fileRef = 844C9F4F278429DC008B94C4 /* LaunchScreen.storyboard */; };
		844C9F5B27842FE1008B94C4 /* BaseModules in Frameworks */ = {isa = PBXBuildFile; productRef = 844C9F5A27842FE1008B94C4 /* BaseModules */; };
		844C9F5E27842FF0008B94C4 /* SnapKit in Frameworks */ = {isa = PBXBuildFile; productRef = 844C9F5D27842FF0008B94C4 /* SnapKit */; };
		844C9F632784304F008B94C4 /* APIServiceProvider+Protocol.swift in Sources */ = {isa = PBXBuildFile; fileRef = 844C9F612784304F008B94C4 /* APIServiceProvider+Protocol.swift */; };
		844C9F642784304F008B94C4 /* NetworkManager+Protocol.swift in Sources */ = {isa = PBXBuildFile; fileRef = 844C9F622784304F008B94C4 /* NetworkManager+Protocol.swift */; };
		844C9F6B27843064008B94C4 /* HTTPHeaders.swift in Sources */ = {isa = PBXBuildFile; fileRef = 844C9F6727843064008B94C4 /* HTTPHeaders.swift */; };
		844C9F6C27843064008B94C4 /* HTTPMethod.swift in Sources */ = {isa = PBXBuildFile; fileRef = 844C9F6827843064008B94C4 /* HTTPMethod.swift */; };
		844C9F6D27843064008B94C4 /* HTTPHeader.swift in Sources */ = {isa = PBXBuildFile; fileRef = 844C9F6927843064008B94C4 /* HTTPHeader.swift */; };
		844C9F6E27843064008B94C4 /* HTTPHeaderFields.swift in Sources */ = {isa = PBXBuildFile; fileRef = 844C9F6A27843064008B94C4 /* HTTPHeaderFields.swift */; };
		844C9F7427843072008B94C4 /* URLParameterEncoder.swift in Sources */ = {isa = PBXBuildFile; fileRef = 844C9F7027843072008B94C4 /* URLParameterEncoder.swift */; };
		844C9F7527843072008B94C4 /* NetworkError.swift in Sources */ = {isa = PBXBuildFile; fileRef = 844C9F7127843072008B94C4 /* NetworkError.swift */; };
		844C9F7627843072008B94C4 /* JSONParameterEncoder.swift in Sources */ = {isa = PBXBuildFile; fileRef = 844C9F7227843072008B94C4 /* JSONParameterEncoder.swift */; };
		844C9F7727843072008B94C4 /* ParameterEncoding+Protocol.swift in Sources */ = {isa = PBXBuildFile; fileRef = 844C9F7327843072008B94C4 /* ParameterEncoding+Protocol.swift */; };
		844C9F7C27843086008B94C4 /* URLRequest+Extension.swift in Sources */ = {isa = PBXBuildFile; fileRef = 844C9F7927843086008B94C4 /* URLRequest+Extension.swift */; };
		844C9F7D27843086008B94C4 /* String+Extension.swift in Sources */ = {isa = PBXBuildFile; fileRef = 844C9F7A27843086008B94C4 /* String+Extension.swift */; };
		844C9F7E27843086008B94C4 /* Codable+Extension.swift in Sources */ = {isa = PBXBuildFile; fileRef = 844C9F7B27843086008B94C4 /* Codable+Extension.swift */; };
		844C9F8327843097008B94C4 /* ServerResponse.swift in Sources */ = {isa = PBXBuildFile; fileRef = 844C9F8027843097008B94C4 /* ServerResponse.swift */; };
		844C9F8427843097008B94C4 /* ApiConnectionErrorType.swift in Sources */ = {isa = PBXBuildFile; fileRef = 844C9F8127843097008B94C4 /* ApiConnectionErrorType.swift */; };
		844C9F8527843097008B94C4 /* ErrorResponse.swift in Sources */ = {isa = PBXBuildFile; fileRef = 844C9F8227843097008B94C4 /* ErrorResponse.swift */; };
		844C9F88278430E0008B94C4 /* MainTabBarController.swift in Sources */ = {isa = PBXBuildFile; fileRef = 844C9F87278430E0008B94C4 /* MainTabBarController.swift */; };
		844C9F8A278430F1008B94C4 /* MainTabBarBuilder.swift in Sources */ = {isa = PBXBuildFile; fileRef = 844C9F89278430F1008B94C4 /* MainTabBarBuilder.swift */; };
		844C9F8D27843126008B94C4 /* AppTheme.swift in Sources */ = {isa = PBXBuildFile; fileRef = 844C9F8C27843126008B94C4 /* AppTheme.swift */; };
		844C9F9027843156008B94C4 /* HomeViewModel.swift in Sources */ = {isa = PBXBuildFile; fileRef = 844C9F8F27843156008B94C4 /* HomeViewModel.swift */; };
		844C9F9227843164008B94C4 /* HomeViewController.swift in Sources */ = {isa = PBXBuildFile; fileRef = 844C9F9127843164008B94C4 /* HomeViewController.swift */; };
		844C9F942784317F008B94C4 /* HomeViewBuilder.swift in Sources */ = {isa = PBXBuildFile; fileRef = 844C9F932784317F008B94C4 /* HomeViewBuilder.swift */; };
		844C9F97278431E6008B94C4 /* SavedViewModel.swift in Sources */ = {isa = PBXBuildFile; fileRef = 844C9F96278431E6008B94C4 /* SavedViewModel.swift */; };
		844C9F99278431F8008B94C4 /* SavedViewController.swift in Sources */ = {isa = PBXBuildFile; fileRef = 844C9F98278431F8008B94C4 /* SavedViewController.swift */; };
		844C9F9B27843210008B94C4 /* SavedViewBuilder.swift in Sources */ = {isa = PBXBuildFile; fileRef = 844C9F9A27843210008B94C4 /* SavedViewBuilder.swift */; };
		844C9F9D278436AF008B94C4 /* TabBarImages.swift in Sources */ = {isa = PBXBuildFile; fileRef = 844C9F9C278436AF008B94C4 /* TabBarImages.swift */; };
		844C9FA127843C0B008B94C4 /* EndPointHelper.swift in Sources */ = {isa = PBXBuildFile; fileRef = 844C9FA027843C0B008B94C4 /* EndPointHelper.swift */; };
		844C9FA427843CB6008B94C4 /* CountryListRequest.swift in Sources */ = {isa = PBXBuildFile; fileRef = 844C9FA327843CB6008B94C4 /* CountryListRequest.swift */; };
		844C9FA627843CCA008B94C4 /* CountryListProvider.swift in Sources */ = {isa = PBXBuildFile; fileRef = 844C9FA527843CCA008B94C4 /* CountryListProvider.swift */; };
		844C9FA827843D21008B94C4 /* CountryListResponse.swift in Sources */ = {isa = PBXBuildFile; fileRef = 844C9FA727843D21008B94C4 /* CountryListResponse.swift */; };
		844C9FAC27843EC1008B94C4 /* CountryListViewData.swift in Sources */ = {isa = PBXBuildFile; fileRef = 844C9FAB27843EC1008B94C4 /* CountryListViewData.swift */; };
		844C9FAE27843ED3008B94C4 /* CountryListView.swift in Sources */ = {isa = PBXBuildFile; fileRef = 844C9FAD27843ED3008B94C4 /* CountryListView.swift */; };
		844C9FB127843F51008B94C4 /* ItemProviderProtocol.swift in Sources */ = {isa = PBXBuildFile; fileRef = 844C9FB027843F51008B94C4 /* ItemProviderProtocol.swift */; };
		844C9FB5278443AA008B94C4 /* ViewState.swift in Sources */ = {isa = PBXBuildFile; fileRef = 844C9FB4278443AA008B94C4 /* ViewState.swift */; };
		844C9FB8278443C2008B94C4 /* UIView+Extension.swift in Sources */ = {isa = PBXBuildFile; fileRef = 844C9FB7278443C2008B94C4 /* UIView+Extension.swift */; };
		844C9FBA278443F9008B94C4 /* Typealiases.swift in Sources */ = {isa = PBXBuildFile; fileRef = 844C9FB9278443F9008B94C4 /* Typealiases.swift */; };
		844C9FBC27844423008B94C4 /* HomeViewDataFormatter+Protocol.swift in Sources */ = {isa = PBXBuildFile; fileRef = 844C9FBB27844423008B94C4 /* HomeViewDataFormatter+Protocol.swift */; };
		844C9FBF27844812008B94C4 /* HomeViewModel+ItemProviderProtocol.swift in Sources */ = {isa = PBXBuildFile; fileRef = 844C9FBE27844812008B94C4 /* HomeViewModel+ItemProviderProtocol.swift */; };
		844C9FC1278448E7008B94C4 /* CountryListTableViewCell.swift in Sources */ = {isa = PBXBuildFile; fileRef = 844C9FC0278448E7008B94C4 /* CountryListTableViewCell.swift */; };
		844C9FC327848403008B94C4 /* CountryListTableViewCellData.swift in Sources */ = {isa = PBXBuildFile; fileRef = 844C9FC227848403008B94C4 /* CountryListTableViewCellData.swift */; };
		844C9FC62784AB92008B94C4 /* DetailViewModel.swift in Sources */ = {isa = PBXBuildFile; fileRef = 844C9FC52784AB92008B94C4 /* DetailViewModel.swift */; };
		844C9FC82784ABD5008B94C4 /* DetailViewController.swift in Sources */ = {isa = PBXBuildFile; fileRef = 844C9FC72784ABD5008B94C4 /* DetailViewController.swift */; };
		844C9FCA2784ABF2008B94C4 /* DetailViewBuilder.swift in Sources */ = {isa = PBXBuildFile; fileRef = 844C9FC92784ABF2008B94C4 /* DetailViewBuilder.swift */; };
		844C9FCD2784B3BD008B94C4 /* CountryDetailRequest.swift in Sources */ = {isa = PBXBuildFile; fileRef = 844C9FCC2784B3BD008B94C4 /* CountryDetailRequest.swift */; };
		844C9FCF2784B3F4008B94C4 /* CountryDetailProvider.swift in Sources */ = {isa = PBXBuildFile; fileRef = 844C9FCE2784B3F4008B94C4 /* CountryDetailProvider.swift */; };
		844C9FD12784B4E9008B94C4 /* CountryDetailResponse.swift in Sources */ = {isa = PBXBuildFile; fileRef = 844C9FD02784B4E9008B94C4 /* CountryDetailResponse.swift */; };
		844C9FD32784B68A008B94C4 /* DetailViewDataFormatter+Protocol.swift in Sources */ = {isa = PBXBuildFile; fileRef = 844C9FD22784B68A008B94C4 /* DetailViewDataFormatter+Protocol.swift */; };
		844C9FD62784BAFB008B94C4 /* DetailViewComponentData.swift in Sources */ = {isa = PBXBuildFile; fileRef = 844C9FD52784BAFB008B94C4 /* DetailViewComponentData.swift */; };
		844C9FD82784BB17008B94C4 /* ImageCacheManager.swift in Sources */ = {isa = PBXBuildFile; fileRef = 844C9FD72784BB17008B94C4 /* ImageCacheManager.swift */; };
		844C9FE32784BD28008B94C4 /* DetailViewComponent.swift in Sources */ = {isa = PBXBuildFile; fileRef = 844C9FE22784BD28008B94C4 /* DetailViewComponent.swift */; };
		844C9FE52784E031008B94C4 /* DetailView.swift in Sources */ = {isa = PBXBuildFile; fileRef = 844C9FE42784E031008B94C4 /* DetailView.swift */; };
		844C9FE72784E03C008B94C4 /* DetailViewData.swift in Sources */ = {isa = PBXBuildFile; fileRef = 844C9FE62784E03C008B94C4 /* DetailViewData.swift */; };
		844C9FEA2784E108008B94C4 /* DetailTableViewCell.swift in Sources */ = {isa = PBXBuildFile; fileRef = 844C9FE92784E108008B94C4 /* DetailTableViewCell.swift */; };
		844C9FED2784E7E2008B94C4 /* DetailViewModel+ItemProviderProtocol.swift in Sources */ = {isa = PBXBuildFile; fileRef = 844C9FEC2784E7E2008B94C4 /* DetailViewModel+ItemProviderProtocol.swift */; };
/* End PBXBuildFile section */

/* Begin PBXFileReference section */
		841E8FE0278622EB00B6DA0D /* SavedViewModel+ItemProviderProtocol.swift */ = {isa = PBXFileReference; lastKnownFileType = sourcecode.swift; path = "SavedViewModel+ItemProviderProtocol.swift"; sourceTree = "<group>"; };
		841E8FE42786283800B6DA0D /* PersistencyDataManager+Protocol.swift */ = {isa = PBXFileReference; lastKnownFileType = sourcecode.swift; path = "PersistencyDataManager+Protocol.swift"; sourceTree = "<group>"; };
		841E8FE6278628AB00B6DA0D /* DetailViewModel+Network.swift */ = {isa = PBXFileReference; lastKnownFileType = sourcecode.swift; path = "DetailViewModel+Network.swift"; sourceTree = "<group>"; };
		841E8FE92786BE6F00B6DA0D /* SaveButtonViewData.swift */ = {isa = PBXFileReference; lastKnownFileType = sourcecode.swift; path = SaveButtonViewData.swift; sourceTree = "<group>"; };
		841E8FEB2786BEBC00B6DA0D /* SaveButtonView.swift */ = {isa = PBXFileReference; lastKnownFileType = sourcecode.swift; path = SaveButtonView.swift; sourceTree = "<group>"; };
		841E8FED2787452900B6DA0D /* DataPersistencyStatusProtocol.swift */ = {isa = PBXFileReference; lastKnownFileType = sourcecode.swift; path = DataPersistencyStatusProtocol.swift; sourceTree = "<group>"; };
		841E8FEF27875B6200B6DA0D /* HomeViewModel+Network.swift */ = {isa = PBXFileReference; lastKnownFileType = sourcecode.swift; path = "HomeViewModel+Network.swift"; sourceTree = "<group>"; };
		844C9F41278429D8008B94C4 /* Countries.app */ = {isa = PBXFileReference; explicitFileType = wrapper.application; includeInIndex = 0; path = Countries.app; sourceTree = BUILT_PRODUCTS_DIR; };
		844C9F44278429D8008B94C4 /* AppDelegate.swift */ = {isa = PBXFileReference; lastKnownFileType = sourcecode.swift; path = AppDelegate.swift; sourceTree = "<group>"; };
		844C9F4D278429DC008B94C4 /* Assets.xcassets */ = {isa = PBXFileReference; lastKnownFileType = folder.assetcatalog; path = Assets.xcassets; sourceTree = "<group>"; };
		844C9F50278429DC008B94C4 /* Base */ = {isa = PBXFileReference; lastKnownFileType = file.storyboard; name = Base; path = Base.lproj/LaunchScreen.storyboard; sourceTree = "<group>"; };
		844C9F52278429DC008B94C4 /* Info.plist */ = {isa = PBXFileReference; lastKnownFileType = text.plist.xml; path = Info.plist; sourceTree = "<group>"; };
		844C9F612784304F008B94C4 /* APIServiceProvider+Protocol.swift */ = {isa = PBXFileReference; fileEncoding = 4; lastKnownFileType = sourcecode.swift; path = "APIServiceProvider+Protocol.swift"; sourceTree = "<group>"; };
		844C9F622784304F008B94C4 /* NetworkManager+Protocol.swift */ = {isa = PBXFileReference; fileEncoding = 4; lastKnownFileType = sourcecode.swift; path = "NetworkManager+Protocol.swift"; sourceTree = "<group>"; };
		844C9F6727843064008B94C4 /* HTTPHeaders.swift */ = {isa = PBXFileReference; fileEncoding = 4; lastKnownFileType = sourcecode.swift; path = HTTPHeaders.swift; sourceTree = "<group>"; };
		844C9F6827843064008B94C4 /* HTTPMethod.swift */ = {isa = PBXFileReference; fileEncoding = 4; lastKnownFileType = sourcecode.swift; path = HTTPMethod.swift; sourceTree = "<group>"; };
		844C9F6927843064008B94C4 /* HTTPHeader.swift */ = {isa = PBXFileReference; fileEncoding = 4; lastKnownFileType = sourcecode.swift; path = HTTPHeader.swift; sourceTree = "<group>"; };
		844C9F6A27843064008B94C4 /* HTTPHeaderFields.swift */ = {isa = PBXFileReference; fileEncoding = 4; lastKnownFileType = sourcecode.swift; path = HTTPHeaderFields.swift; sourceTree = "<group>"; };
		844C9F7027843072008B94C4 /* URLParameterEncoder.swift */ = {isa = PBXFileReference; fileEncoding = 4; lastKnownFileType = sourcecode.swift; path = URLParameterEncoder.swift; sourceTree = "<group>"; };
		844C9F7127843072008B94C4 /* NetworkError.swift */ = {isa = PBXFileReference; fileEncoding = 4; lastKnownFileType = sourcecode.swift; path = NetworkError.swift; sourceTree = "<group>"; };
		844C9F7227843072008B94C4 /* JSONParameterEncoder.swift */ = {isa = PBXFileReference; fileEncoding = 4; lastKnownFileType = sourcecode.swift; path = JSONParameterEncoder.swift; sourceTree = "<group>"; };
		844C9F7327843072008B94C4 /* ParameterEncoding+Protocol.swift */ = {isa = PBXFileReference; fileEncoding = 4; lastKnownFileType = sourcecode.swift; path = "ParameterEncoding+Protocol.swift"; sourceTree = "<group>"; };
		844C9F7927843086008B94C4 /* URLRequest+Extension.swift */ = {isa = PBXFileReference; fileEncoding = 4; lastKnownFileType = sourcecode.swift; path = "URLRequest+Extension.swift"; sourceTree = "<group>"; };
		844C9F7A27843086008B94C4 /* String+Extension.swift */ = {isa = PBXFileReference; fileEncoding = 4; lastKnownFileType = sourcecode.swift; path = "String+Extension.swift"; sourceTree = "<group>"; };
		844C9F7B27843086008B94C4 /* Codable+Extension.swift */ = {isa = PBXFileReference; fileEncoding = 4; lastKnownFileType = sourcecode.swift; path = "Codable+Extension.swift"; sourceTree = "<group>"; };
		844C9F8027843097008B94C4 /* ServerResponse.swift */ = {isa = PBXFileReference; fileEncoding = 4; lastKnownFileType = sourcecode.swift; path = ServerResponse.swift; sourceTree = "<group>"; };
		844C9F8127843097008B94C4 /* ApiConnectionErrorType.swift */ = {isa = PBXFileReference; fileEncoding = 4; lastKnownFileType = sourcecode.swift; path = ApiConnectionErrorType.swift; sourceTree = "<group>"; };
		844C9F8227843097008B94C4 /* ErrorResponse.swift */ = {isa = PBXFileReference; fileEncoding = 4; lastKnownFileType = sourcecode.swift; path = ErrorResponse.swift; sourceTree = "<group>"; };
		844C9F87278430E0008B94C4 /* MainTabBarController.swift */ = {isa = PBXFileReference; lastKnownFileType = sourcecode.swift; path = MainTabBarController.swift; sourceTree = "<group>"; };
		844C9F89278430F1008B94C4 /* MainTabBarBuilder.swift */ = {isa = PBXFileReference; lastKnownFileType = sourcecode.swift; path = MainTabBarBuilder.swift; sourceTree = "<group>"; };
		844C9F8C27843126008B94C4 /* AppTheme.swift */ = {isa = PBXFileReference; lastKnownFileType = sourcecode.swift; path = AppTheme.swift; sourceTree = "<group>"; };
		844C9F8F27843156008B94C4 /* HomeViewModel.swift */ = {isa = PBXFileReference; lastKnownFileType = sourcecode.swift; path = HomeViewModel.swift; sourceTree = "<group>"; };
		844C9F9127843164008B94C4 /* HomeViewController.swift */ = {isa = PBXFileReference; lastKnownFileType = sourcecode.swift; path = HomeViewController.swift; sourceTree = "<group>"; };
		844C9F932784317F008B94C4 /* HomeViewBuilder.swift */ = {isa = PBXFileReference; lastKnownFileType = sourcecode.swift; path = HomeViewBuilder.swift; sourceTree = "<group>"; };
		844C9F96278431E6008B94C4 /* SavedViewModel.swift */ = {isa = PBXFileReference; lastKnownFileType = sourcecode.swift; path = SavedViewModel.swift; sourceTree = "<group>"; };
		844C9F98278431F8008B94C4 /* SavedViewController.swift */ = {isa = PBXFileReference; lastKnownFileType = sourcecode.swift; path = SavedViewController.swift; sourceTree = "<group>"; };
		844C9F9A27843210008B94C4 /* SavedViewBuilder.swift */ = {isa = PBXFileReference; lastKnownFileType = sourcecode.swift; path = SavedViewBuilder.swift; sourceTree = "<group>"; };
		844C9F9C278436AF008B94C4 /* TabBarImages.swift */ = {isa = PBXFileReference; lastKnownFileType = sourcecode.swift; path = TabBarImages.swift; sourceTree = "<group>"; };
		844C9FA027843C0B008B94C4 /* EndPointHelper.swift */ = {isa = PBXFileReference; lastKnownFileType = sourcecode.swift; path = EndPointHelper.swift; sourceTree = "<group>"; };
		844C9FA327843CB6008B94C4 /* CountryListRequest.swift */ = {isa = PBXFileReference; lastKnownFileType = sourcecode.swift; path = CountryListRequest.swift; sourceTree = "<group>"; };
		844C9FA527843CCA008B94C4 /* CountryListProvider.swift */ = {isa = PBXFileReference; lastKnownFileType = sourcecode.swift; path = CountryListProvider.swift; sourceTree = "<group>"; };
		844C9FA727843D21008B94C4 /* CountryListResponse.swift */ = {isa = PBXFileReference; lastKnownFileType = sourcecode.swift; path = CountryListResponse.swift; sourceTree = "<group>"; };
		844C9FAB27843EC1008B94C4 /* CountryListViewData.swift */ = {isa = PBXFileReference; lastKnownFileType = sourcecode.swift; path = CountryListViewData.swift; sourceTree = "<group>"; };
		844C9FAD27843ED3008B94C4 /* CountryListView.swift */ = {isa = PBXFileReference; lastKnownFileType = sourcecode.swift; path = CountryListView.swift; sourceTree = "<group>"; };
		844C9FB027843F51008B94C4 /* ItemProviderProtocol.swift */ = {isa = PBXFileReference; fileEncoding = 4; lastKnownFileType = sourcecode.swift; path = ItemProviderProtocol.swift; sourceTree = "<group>"; };
		844C9FB4278443AA008B94C4 /* ViewState.swift */ = {isa = PBXFileReference; fileEncoding = 4; lastKnownFileType = sourcecode.swift; path = ViewState.swift; sourceTree = "<group>"; };
		844C9FB7278443C2008B94C4 /* UIView+Extension.swift */ = {isa = PBXFileReference; fileEncoding = 4; lastKnownFileType = sourcecode.swift; path = "UIView+Extension.swift"; sourceTree = "<group>"; };
		844C9FB9278443F9008B94C4 /* Typealiases.swift */ = {isa = PBXFileReference; lastKnownFileType = sourcecode.swift; path = Typealiases.swift; sourceTree = "<group>"; };
		844C9FBB27844423008B94C4 /* HomeViewDataFormatter+Protocol.swift */ = {isa = PBXFileReference; lastKnownFileType = sourcecode.swift; path = "HomeViewDataFormatter+Protocol.swift"; sourceTree = "<group>"; };
		844C9FBE27844812008B94C4 /* HomeViewModel+ItemProviderProtocol.swift */ = {isa = PBXFileReference; fileEncoding = 4; lastKnownFileType = sourcecode.swift; path = "HomeViewModel+ItemProviderProtocol.swift"; sourceTree = "<group>"; };
		844C9FC0278448E7008B94C4 /* CountryListTableViewCell.swift */ = {isa = PBXFileReference; lastKnownFileType = sourcecode.swift; path = CountryListTableViewCell.swift; sourceTree = "<group>"; };
		844C9FC227848403008B94C4 /* CountryListTableViewCellData.swift */ = {isa = PBXFileReference; lastKnownFileType = sourcecode.swift; path = CountryListTableViewCellData.swift; sourceTree = "<group>"; };
		844C9FC52784AB92008B94C4 /* DetailViewModel.swift */ = {isa = PBXFileReference; lastKnownFileType = sourcecode.swift; path = DetailViewModel.swift; sourceTree = "<group>"; };
		844C9FC72784ABD5008B94C4 /* DetailViewController.swift */ = {isa = PBXFileReference; lastKnownFileType = sourcecode.swift; path = DetailViewController.swift; sourceTree = "<group>"; };
		844C9FC92784ABF2008B94C4 /* DetailViewBuilder.swift */ = {isa = PBXFileReference; lastKnownFileType = sourcecode.swift; path = DetailViewBuilder.swift; sourceTree = "<group>"; };
		844C9FCC2784B3BD008B94C4 /* CountryDetailRequest.swift */ = {isa = PBXFileReference; lastKnownFileType = sourcecode.swift; path = CountryDetailRequest.swift; sourceTree = "<group>"; };
		844C9FCE2784B3F4008B94C4 /* CountryDetailProvider.swift */ = {isa = PBXFileReference; lastKnownFileType = sourcecode.swift; path = CountryDetailProvider.swift; sourceTree = "<group>"; };
		844C9FD02784B4E9008B94C4 /* CountryDetailResponse.swift */ = {isa = PBXFileReference; lastKnownFileType = sourcecode.swift; path = CountryDetailResponse.swift; sourceTree = "<group>"; };
		844C9FD22784B68A008B94C4 /* DetailViewDataFormatter+Protocol.swift */ = {isa = PBXFileReference; lastKnownFileType = sourcecode.swift; path = "DetailViewDataFormatter+Protocol.swift"; sourceTree = "<group>"; };
		844C9FD52784BAFB008B94C4 /* DetailViewComponentData.swift */ = {isa = PBXFileReference; lastKnownFileType = sourcecode.swift; path = DetailViewComponentData.swift; sourceTree = "<group>"; };
		844C9FD72784BB17008B94C4 /* ImageCacheManager.swift */ = {isa = PBXFileReference; fileEncoding = 4; lastKnownFileType = sourcecode.swift; path = ImageCacheManager.swift; sourceTree = "<group>"; };
		844C9FE22784BD28008B94C4 /* DetailViewComponent.swift */ = {isa = PBXFileReference; lastKnownFileType = sourcecode.swift; path = DetailViewComponent.swift; sourceTree = "<group>"; };
		844C9FE42784E031008B94C4 /* DetailView.swift */ = {isa = PBXFileReference; lastKnownFileType = sourcecode.swift; path = DetailView.swift; sourceTree = "<group>"; };
		844C9FE62784E03C008B94C4 /* DetailViewData.swift */ = {isa = PBXFileReference; lastKnownFileType = sourcecode.swift; path = DetailViewData.swift; sourceTree = "<group>"; };
		844C9FE92784E108008B94C4 /* DetailTableViewCell.swift */ = {isa = PBXFileReference; lastKnownFileType = sourcecode.swift; path = DetailTableViewCell.swift; sourceTree = "<group>"; };
		844C9FEC2784E7E2008B94C4 /* DetailViewModel+ItemProviderProtocol.swift */ = {isa = PBXFileReference; lastKnownFileType = sourcecode.swift; path = "DetailViewModel+ItemProviderProtocol.swift"; sourceTree = "<group>"; };
/* End PBXFileReference section */

/* Begin PBXFrameworksBuildPhase section */
		844C9F3E278429D8008B94C4 /* Frameworks */ = {
			isa = PBXFrameworksBuildPhase;
			buildActionMask = 2147483647;
			files = (
				844C9F5B27842FE1008B94C4 /* BaseModules in Frameworks */,
				844C9F5E27842FF0008B94C4 /* SnapKit in Frameworks */,
			);
			runOnlyForDeploymentPostprocessing = 0;
		};
/* End PBXFrameworksBuildPhase section */

/* Begin PBXGroup section */
		841E8FDF278622CF00B6DA0D /* Extensions */ = {
			isa = PBXGroup;
			children = (
				841E8FE0278622EB00B6DA0D /* SavedViewModel+ItemProviderProtocol.swift */,
			);
			path = Extensions;
			sourceTree = "<group>";
		};
		841E8FE22786282000B6DA0D /* Managers */ = {
			isa = PBXGroup;
			children = (
				841E8FE32786282700B6DA0D /* PersistencyManager */,
			);
			path = Managers;
			sourceTree = "<group>";
		};
		841E8FE32786282700B6DA0D /* PersistencyManager */ = {
			isa = PBXGroup;
			children = (
				841E8FE42786283800B6DA0D /* PersistencyDataManager+Protocol.swift */,
			);
			path = PersistencyManager;
			sourceTree = "<group>";
		};
		841E8FE82786BE5600B6DA0D /* SaveButtonComponent */ = {
			isa = PBXGroup;
			children = (
				841E8FE92786BE6F00B6DA0D /* SaveButtonViewData.swift */,
				841E8FEB2786BEBC00B6DA0D /* SaveButtonView.swift */,
			);
			path = SaveButtonComponent;
			sourceTree = "<group>";
		};
		844C9F38278429D8008B94C4 = {
			isa = PBXGroup;
			children = (
				844C9F43278429D8008B94C4 /* Countries */,
				844C9F42278429D8008B94C4 /* Products */,
			);
			sourceTree = "<group>";
		};
		844C9F42278429D8008B94C4 /* Products */ = {
			isa = PBXGroup;
			children = (
				844C9F41278429D8008B94C4 /* Countries.app */,
			);
			name = Products;
			sourceTree = "<group>";
		};
		844C9F43278429D8008B94C4 /* Countries */ = {
			isa = PBXGroup;
			children = (
				841E8FE22786282000B6DA0D /* Managers */,
				844C9FA927843EA9008B94C4 /* ViewComponents */,
				844C9F9F27843B81008B94C4 /* Models */,
				844C9F8B27843115008B94C4 /* Utils */,
				844C9F5F27843038008B94C4 /* NetworkLayer */,
				844C9F5827842FCB008B94C4 /* Scene */,
				844C9F44278429D8008B94C4 /* AppDelegate.swift */,
				844C9F4D278429DC008B94C4 /* Assets.xcassets */,
				844C9F4F278429DC008B94C4 /* LaunchScreen.storyboard */,
				844C9F52278429DC008B94C4 /* Info.plist */,
			);
			path = Countries;
			sourceTree = "<group>";
		};
		844C9F5827842FCB008B94C4 /* Scene */ = {
			isa = PBXGroup;
			children = (
				844C9FC42784AB85008B94C4 /* Detail */,
				844C9F95278431DA008B94C4 /* Saved */,
				844C9F8E2784314B008B94C4 /* Home */,
				844C9F86278430B2008B94C4 /* MainTabBar */,
			);
			path = Scene;
			sourceTree = "<group>";
		};
		844C9F5F27843038008B94C4 /* NetworkLayer */ = {
			isa = PBXGroup;
			children = (
				844C9F7F2784308B008B94C4 /* ErrorHandlers */,
				844C9F782784307B008B94C4 /* Extensions */,
				844C9F6527843052008B94C4 /* Modules */,
				844C9F6027843044008B94C4 /* Managers */,
			);
			path = NetworkLayer;
			sourceTree = "<group>";
		};
		844C9F6027843044008B94C4 /* Managers */ = {
			isa = PBXGroup;
			children = (
				844C9F612784304F008B94C4 /* APIServiceProvider+Protocol.swift */,
				844C9F622784304F008B94C4 /* NetworkManager+Protocol.swift */,
			);
			path = Managers;
			sourceTree = "<group>";
		};
		844C9F6527843052008B94C4 /* Modules */ = {
			isa = PBXGroup;
			children = (
				844C9F6F27843066008B94C4 /* EncodingModules */,
				844C9F6627843058008B94C4 /* HTTPModules */,
			);
			path = Modules;
			sourceTree = "<group>";
		};
		844C9F6627843058008B94C4 /* HTTPModules */ = {
			isa = PBXGroup;
			children = (
				844C9F6927843064008B94C4 /* HTTPHeader.swift */,
				844C9F6A27843064008B94C4 /* HTTPHeaderFields.swift */,
				844C9F6727843064008B94C4 /* HTTPHeaders.swift */,
				844C9F6827843064008B94C4 /* HTTPMethod.swift */,
			);
			path = HTTPModules;
			sourceTree = "<group>";
		};
		844C9F6F27843066008B94C4 /* EncodingModules */ = {
			isa = PBXGroup;
			children = (
				844C9F7227843072008B94C4 /* JSONParameterEncoder.swift */,
				844C9F7127843072008B94C4 /* NetworkError.swift */,
				844C9F7327843072008B94C4 /* ParameterEncoding+Protocol.swift */,
				844C9F7027843072008B94C4 /* URLParameterEncoder.swift */,
			);
			path = EncodingModules;
			sourceTree = "<group>";
		};
		844C9F782784307B008B94C4 /* Extensions */ = {
			isa = PBXGroup;
			children = (
				844C9F7B27843086008B94C4 /* Codable+Extension.swift */,
				844C9F7A27843086008B94C4 /* String+Extension.swift */,
				844C9F7927843086008B94C4 /* URLRequest+Extension.swift */,
			);
			path = Extensions;
			sourceTree = "<group>";
		};
		844C9F7F2784308B008B94C4 /* ErrorHandlers */ = {
			isa = PBXGroup;
			children = (
				844C9F8127843097008B94C4 /* ApiConnectionErrorType.swift */,
				844C9F8227843097008B94C4 /* ErrorResponse.swift */,
				844C9F8027843097008B94C4 /* ServerResponse.swift */,
			);
			path = ErrorHandlers;
			sourceTree = "<group>";
		};
		844C9F86278430B2008B94C4 /* MainTabBar */ = {
			isa = PBXGroup;
			children = (
				844C9F87278430E0008B94C4 /* MainTabBarController.swift */,
				844C9F89278430F1008B94C4 /* MainTabBarBuilder.swift */,
			);
			path = MainTabBar;
			sourceTree = "<group>";
		};
		844C9F8B27843115008B94C4 /* Utils */ = {
			isa = PBXGroup;
			children = (
				844C9FB6278443B7008B94C4 /* Extensions */,
				844C9FB3278443A0008B94C4 /* Enums */,
				844C9FAF27843F44008B94C4 /* Protocols */,
				844C9F8C27843126008B94C4 /* AppTheme.swift */,
				844C9F9C278436AF008B94C4 /* TabBarImages.swift */,
				844C9FB9278443F9008B94C4 /* Typealiases.swift */,
				844C9FD72784BB17008B94C4 /* ImageCacheManager.swift */,
			);
			path = Utils;
			sourceTree = "<group>";
		};
		844C9F8E2784314B008B94C4 /* Home */ = {
			isa = PBXGroup;
			children = (
				844C9FBD27844805008B94C4 /* Extensions */,
				844C9F8F27843156008B94C4 /* HomeViewModel.swift */,
				844C9F9127843164008B94C4 /* HomeViewController.swift */,
				844C9F932784317F008B94C4 /* HomeViewBuilder.swift */,
				844C9FBB27844423008B94C4 /* HomeViewDataFormatter+Protocol.swift */,
			);
			path = Home;
			sourceTree = "<group>";
		};
		844C9F95278431DA008B94C4 /* Saved */ = {
			isa = PBXGroup;
			children = (
				841E8FDF278622CF00B6DA0D /* Extensions */,
				844C9F96278431E6008B94C4 /* SavedViewModel.swift */,
				844C9F98278431F8008B94C4 /* SavedViewController.swift */,
				844C9F9A27843210008B94C4 /* SavedViewBuilder.swift */,
			);
			path = Saved;
			sourceTree = "<group>";
		};
		844C9F9F27843B81008B94C4 /* Models */ = {
			isa = PBXGroup;
			children = (
				844C9FCB2784B389008B94C4 /* CountryDetail */,
				844C9FA227843CA1008B94C4 /* CountryList */,
				844C9FA027843C0B008B94C4 /* EndPointHelper.swift */,
			);
			path = Models;
			sourceTree = "<group>";
		};
		844C9FA227843CA1008B94C4 /* CountryList */ = {
			isa = PBXGroup;
			children = (
				844C9FA327843CB6008B94C4 /* CountryListRequest.swift */,
				844C9FA527843CCA008B94C4 /* CountryListProvider.swift */,
				844C9FA727843D21008B94C4 /* CountryListResponse.swift */,
			);
			path = CountryList;
			sourceTree = "<group>";
		};
		844C9FA927843EA9008B94C4 /* ViewComponents */ = {
			isa = PBXGroup;
			children = (
				841E8FE82786BE5600B6DA0D /* SaveButtonComponent */,
				844C9FE82784E0C2008B94C4 /* CustomDetailViewComponent */,
				844C9FD42784BAEB008B94C4 /* DetailView */,
				844C9FAA27843EB2008B94C4 /* CountryListView */,
			);
			path = ViewComponents;
			sourceTree = "<group>";
		};
		844C9FAA27843EB2008B94C4 /* CountryListView */ = {
			isa = PBXGroup;
			children = (
				844C9FAB27843EC1008B94C4 /* CountryListViewData.swift */,
				844C9FAD27843ED3008B94C4 /* CountryListView.swift */,
				844C9FC0278448E7008B94C4 /* CountryListTableViewCell.swift */,
				844C9FC227848403008B94C4 /* CountryListTableViewCellData.swift */,
			);
			path = CountryListView;
			sourceTree = "<group>";
		};
		844C9FAF27843F44008B94C4 /* Protocols */ = {
			isa = PBXGroup;
			children = (
				844C9FB027843F51008B94C4 /* ItemProviderProtocol.swift */,
				841E8FED2787452900B6DA0D /* DataPersistencyStatusProtocol.swift */,
			);
			path = Protocols;
			sourceTree = "<group>";
		};
		844C9FB3278443A0008B94C4 /* Enums */ = {
			isa = PBXGroup;
			children = (
				844C9FB4278443AA008B94C4 /* ViewState.swift */,
			);
			path = Enums;
			sourceTree = "<group>";
		};
		844C9FB6278443B7008B94C4 /* Extensions */ = {
			isa = PBXGroup;
			children = (
				844C9FB7278443C2008B94C4 /* UIView+Extension.swift */,
			);
			path = Extensions;
			sourceTree = "<group>";
		};
		844C9FBD27844805008B94C4 /* Extensions */ = {
			isa = PBXGroup;
			children = (
				844C9FBE27844812008B94C4 /* HomeViewModel+ItemProviderProtocol.swift */,
				841E8FEF27875B6200B6DA0D /* HomeViewModel+Network.swift */,
			);
			path = Extensions;
			sourceTree = "<group>";
		};
		844C9FC42784AB85008B94C4 /* Detail */ = {
			isa = PBXGroup;
			children = (
				844C9FEB2784E7C1008B94C4 /* Extensions */,
				844C9FC52784AB92008B94C4 /* DetailViewModel.swift */,
				844C9FC72784ABD5008B94C4 /* DetailViewController.swift */,
				844C9FC92784ABF2008B94C4 /* DetailViewBuilder.swift */,
				844C9FD22784B68A008B94C4 /* DetailViewDataFormatter+Protocol.swift */,
			);
			path = Detail;
			sourceTree = "<group>";
		};
		844C9FCB2784B389008B94C4 /* CountryDetail */ = {
			isa = PBXGroup;
			children = (
				844C9FCC2784B3BD008B94C4 /* CountryDetailRequest.swift */,
				844C9FCE2784B3F4008B94C4 /* CountryDetailProvider.swift */,
				844C9FD02784B4E9008B94C4 /* CountryDetailResponse.swift */,
			);
			path = CountryDetail;
			sourceTree = "<group>";
		};
		844C9FD42784BAEB008B94C4 /* DetailView */ = {
			isa = PBXGroup;
			children = (
				844C9FE42784E031008B94C4 /* DetailView.swift */,
				844C9FE62784E03C008B94C4 /* DetailViewData.swift */,
				844C9FE92784E108008B94C4 /* DetailTableViewCell.swift */,
			);
			path = DetailView;
			sourceTree = "<group>";
		};
		844C9FE82784E0C2008B94C4 /* CustomDetailViewComponent */ = {
			isa = PBXGroup;
			children = (
				844C9FD52784BAFB008B94C4 /* DetailViewComponentData.swift */,
				844C9FE22784BD28008B94C4 /* DetailViewComponent.swift */,
			);
			path = CustomDetailViewComponent;
			sourceTree = "<group>";
		};
		844C9FEB2784E7C1008B94C4 /* Extensions */ = {
			isa = PBXGroup;
			children = (
				844C9FEC2784E7E2008B94C4 /* DetailViewModel+ItemProviderProtocol.swift */,
				841E8FE6278628AB00B6DA0D /* DetailViewModel+Network.swift */,
			);
			path = Extensions;
			sourceTree = "<group>";
		};
/* End PBXGroup section */

/* Begin PBXNativeTarget section */
		844C9F40278429D8008B94C4 /* Countries */ = {
			isa = PBXNativeTarget;
			buildConfigurationList = 844C9F55278429DC008B94C4 /* Build configuration list for PBXNativeTarget "Countries" */;
			buildPhases = (
				844C9F3D278429D8008B94C4 /* Sources */,
				844C9F3E278429D8008B94C4 /* Frameworks */,
				844C9F3F278429D8008B94C4 /* Resources */,
			);
			buildRules = (
			);
			dependencies = (
			);
			name = Countries;
			packageProductDependencies = (
				844C9F5A27842FE1008B94C4 /* BaseModules */,
				844C9F5D27842FF0008B94C4 /* SnapKit */,
			);
			productName = Countries;
			productReference = 844C9F41278429D8008B94C4 /* Countries.app */;
			productType = "com.apple.product-type.application";
		};
/* End PBXNativeTarget section */

/* Begin PBXProject section */
		844C9F39278429D8008B94C4 /* Project object */ = {
			isa = PBXProject;
			attributes = {
				BuildIndependentTargetsInParallel = 1;
				LastSwiftUpdateCheck = 1300;
				LastUpgradeCheck = 1300;
				TargetAttributes = {
					844C9F40278429D8008B94C4 = {
						CreatedOnToolsVersion = 13.0;
					};
				};
			};
			buildConfigurationList = 844C9F3C278429D8008B94C4 /* Build configuration list for PBXProject "Countries" */;
			compatibilityVersion = "Xcode 13.0";
			developmentRegion = en;
			hasScannedForEncodings = 0;
			knownRegions = (
				en,
				Base,
			);
			mainGroup = 844C9F38278429D8008B94C4;
			packageReferences = (
				844C9F5927842FE1008B94C4 /* XCRemoteSwiftPackageReference "BaseModules" */,
				844C9F5C27842FF0008B94C4 /* XCRemoteSwiftPackageReference "SnapKit" */,
			);
			productRefGroup = 844C9F42278429D8008B94C4 /* Products */;
			projectDirPath = "";
			projectRoot = "";
			targets = (
				844C9F40278429D8008B94C4 /* Countries */,
			);
		};
/* End PBXProject section */

/* Begin PBXResourcesBuildPhase section */
		844C9F3F278429D8008B94C4 /* Resources */ = {
			isa = PBXResourcesBuildPhase;
			buildActionMask = 2147483647;
			files = (
				844C9F51278429DC008B94C4 /* LaunchScreen.storyboard in Resources */,
				844C9F4E278429DC008B94C4 /* Assets.xcassets in Resources */,
			);
			runOnlyForDeploymentPostprocessing = 0;
		};
/* End PBXResourcesBuildPhase section */

/* Begin PBXSourcesBuildPhase section */
		844C9F3D278429D8008B94C4 /* Sources */ = {
			isa = PBXSourcesBuildPhase;
			buildActionMask = 2147483647;
			files = (
				844C9FEA2784E108008B94C4 /* DetailTableViewCell.swift in Sources */,
				844C9FBA278443F9008B94C4 /* Typealiases.swift in Sources */,
				844C9FE32784BD28008B94C4 /* DetailViewComponent.swift in Sources */,
				844C9FD62784BAFB008B94C4 /* DetailViewComponentData.swift in Sources */,
				844C9FA127843C0B008B94C4 /* EndPointHelper.swift in Sources */,
				844C9F7E27843086008B94C4 /* Codable+Extension.swift in Sources */,
				844C9F7627843072008B94C4 /* JSONParameterEncoder.swift in Sources */,
				844C9F88278430E0008B94C4 /* MainTabBarController.swift in Sources */,
				841E8FF027875B6200B6DA0D /* HomeViewModel+Network.swift in Sources */,
				844C9F7C27843086008B94C4 /* URLRequest+Extension.swift in Sources */,
				844C9FC1278448E7008B94C4 /* CountryListTableViewCell.swift in Sources */,
				841E8FE1278622EB00B6DA0D /* SavedViewModel+ItemProviderProtocol.swift in Sources */,
				844C9FE72784E03C008B94C4 /* DetailViewData.swift in Sources */,
				844C9F7427843072008B94C4 /* URLParameterEncoder.swift in Sources */,
				841E8FEC2786BEBC00B6DA0D /* SaveButtonView.swift in Sources */,
				844C9FAE27843ED3008B94C4 /* CountryListView.swift in Sources */,
				844C9F8327843097008B94C4 /* ServerResponse.swift in Sources */,
				844C9FA427843CB6008B94C4 /* CountryListRequest.swift in Sources */,
				844C9FD82784BB17008B94C4 /* ImageCacheManager.swift in Sources */,
				844C9F6D27843064008B94C4 /* HTTPHeader.swift in Sources */,
				841E8FE52786283800B6DA0D /* PersistencyDataManager+Protocol.swift in Sources */,
				844C9F9227843164008B94C4 /* HomeViewController.swift in Sources */,
				844C9FE52784E031008B94C4 /* DetailView.swift in Sources */,
				844C9F99278431F8008B94C4 /* SavedViewController.swift in Sources */,
				844C9F7727843072008B94C4 /* ParameterEncoding+Protocol.swift in Sources */,
				844C9FCA2784ABF2008B94C4 /* DetailViewBuilder.swift in Sources */,
				844C9F9B27843210008B94C4 /* SavedViewBuilder.swift in Sources */,
				844C9F8527843097008B94C4 /* ErrorResponse.swift in Sources */,
				844C9F8D27843126008B94C4 /* AppTheme.swift in Sources */,
				844C9F9D278436AF008B94C4 /* TabBarImages.swift in Sources */,
				844C9FA827843D21008B94C4 /* CountryListResponse.swift in Sources */,
				844C9F6B27843064008B94C4 /* HTTPHeaders.swift in Sources */,
				844C9F7D27843086008B94C4 /* String+Extension.swift in Sources */,
				844C9F6E27843064008B94C4 /* HTTPHeaderFields.swift in Sources */,
				844C9FBF27844812008B94C4 /* HomeViewModel+ItemProviderProtocol.swift in Sources */,
				841E8FEE2787452900B6DA0D /* DataPersistencyStatusProtocol.swift in Sources */,
				844C9F642784304F008B94C4 /* NetworkManager+Protocol.swift in Sources */,
				844C9FC82784ABD5008B94C4 /* DetailViewController.swift in Sources */,
				844C9FB5278443AA008B94C4 /* ViewState.swift in Sources */,
				844C9F45278429D8008B94C4 /* AppDelegate.swift in Sources */,
				844C9FB127843F51008B94C4 /* ItemProviderProtocol.swift in Sources */,
				841E8FE7278628AB00B6DA0D /* DetailViewModel+Network.swift in Sources */,
				844C9F7527843072008B94C4 /* NetworkError.swift in Sources */,
				844C9F9027843156008B94C4 /* HomeViewModel.swift in Sources */,
				844C9FD12784B4E9008B94C4 /* CountryDetailResponse.swift in Sources */,
				844C9FAC27843EC1008B94C4 /* CountryListViewData.swift in Sources */,
				844C9FA627843CCA008B94C4 /* CountryListProvider.swift in Sources */,
				844C9FC327848403008B94C4 /* CountryListTableViewCellData.swift in Sources */,
				844C9F942784317F008B94C4 /* HomeViewBuilder.swift in Sources */,
				844C9FB8278443C2008B94C4 /* UIView+Extension.swift in Sources */,
				844C9F8427843097008B94C4 /* ApiConnectionErrorType.swift in Sources */,
				844C9F8A278430F1008B94C4 /* MainTabBarBuilder.swift in Sources */,
				844C9FC62784AB92008B94C4 /* DetailViewModel.swift in Sources */,
				844C9FCF2784B3F4008B94C4 /* CountryDetailProvider.swift in Sources */,
				844C9FED2784E7E2008B94C4 /* DetailViewModel+ItemProviderProtocol.swift in Sources */,
				844C9FD32784B68A008B94C4 /* DetailViewDataFormatter+Protocol.swift in Sources */,
				844C9FBC27844423008B94C4 /* HomeViewDataFormatter+Protocol.swift in Sources */,
				844C9FCD2784B3BD008B94C4 /* CountryDetailRequest.swift in Sources */,
				844C9F6C27843064008B94C4 /* HTTPMethod.swift in Sources */,
				844C9F97278431E6008B94C4 /* SavedViewModel.swift in Sources */,
				844C9F632784304F008B94C4 /* APIServiceProvider+Protocol.swift in Sources */,
				841E8FEA2786BE6F00B6DA0D /* SaveButtonViewData.swift in Sources */,
			);
			runOnlyForDeploymentPostprocessing = 0;
		};
/* End PBXSourcesBuildPhase section */

/* Begin PBXVariantGroup section */
		844C9F4F278429DC008B94C4 /* LaunchScreen.storyboard */ = {
			isa = PBXVariantGroup;
			children = (
				844C9F50278429DC008B94C4 /* Base */,
			);
			name = LaunchScreen.storyboard;
			sourceTree = "<group>";
		};
/* End PBXVariantGroup section */

/* Begin XCBuildConfiguration section */
		844C9F53278429DC008B94C4 /* Debug */ = {
			isa = XCBuildConfiguration;
			buildSettings = {
				ALWAYS_SEARCH_USER_PATHS = NO;
				CLANG_ANALYZER_NONNULL = YES;
				CLANG_ANALYZER_NUMBER_OBJECT_CONVERSION = YES_AGGRESSIVE;
				CLANG_CXX_LANGUAGE_STANDARD = "gnu++17";
				CLANG_CXX_LIBRARY = "libc++";
				CLANG_ENABLE_MODULES = YES;
				CLANG_ENABLE_OBJC_ARC = YES;
				CLANG_ENABLE_OBJC_WEAK = YES;
				CLANG_WARN_BLOCK_CAPTURE_AUTORELEASING = YES;
				CLANG_WARN_BOOL_CONVERSION = YES;
				CLANG_WARN_COMMA = YES;
				CLANG_WARN_CONSTANT_CONVERSION = YES;
				CLANG_WARN_DEPRECATED_OBJC_IMPLEMENTATIONS = YES;
				CLANG_WARN_DIRECT_OBJC_ISA_USAGE = YES_ERROR;
				CLANG_WARN_DOCUMENTATION_COMMENTS = YES;
				CLANG_WARN_EMPTY_BODY = YES;
				CLANG_WARN_ENUM_CONVERSION = YES;
				CLANG_WARN_INFINITE_RECURSION = YES;
				CLANG_WARN_INT_CONVERSION = YES;
				CLANG_WARN_NON_LITERAL_NULL_CONVERSION = YES;
				CLANG_WARN_OBJC_IMPLICIT_RETAIN_SELF = YES;
				CLANG_WARN_OBJC_LITERAL_CONVERSION = YES;
				CLANG_WARN_OBJC_ROOT_CLASS = YES_ERROR;
				CLANG_WARN_QUOTED_INCLUDE_IN_FRAMEWORK_HEADER = YES;
				CLANG_WARN_RANGE_LOOP_ANALYSIS = YES;
				CLANG_WARN_STRICT_PROTOTYPES = YES;
				CLANG_WARN_SUSPICIOUS_MOVE = YES;
				CLANG_WARN_UNGUARDED_AVAILABILITY = YES_AGGRESSIVE;
				CLANG_WARN_UNREACHABLE_CODE = YES;
				CLANG_WARN__DUPLICATE_METHOD_MATCH = YES;
				COPY_PHASE_STRIP = NO;
				DEBUG_INFORMATION_FORMAT = dwarf;
				ENABLE_STRICT_OBJC_MSGSEND = YES;
				ENABLE_TESTABILITY = YES;
				GCC_C_LANGUAGE_STANDARD = gnu11;
				GCC_DYNAMIC_NO_PIC = NO;
				GCC_NO_COMMON_BLOCKS = YES;
				GCC_OPTIMIZATION_LEVEL = 0;
				GCC_PREPROCESSOR_DEFINITIONS = (
					"DEBUG=1",
					"$(inherited)",
				);
				GCC_WARN_64_TO_32_BIT_CONVERSION = YES;
				GCC_WARN_ABOUT_RETURN_TYPE = YES_ERROR;
				GCC_WARN_UNDECLARED_SELECTOR = YES;
				GCC_WARN_UNINITIALIZED_AUTOS = YES_AGGRESSIVE;
				GCC_WARN_UNUSED_FUNCTION = YES;
				GCC_WARN_UNUSED_VARIABLE = YES;
				IPHONEOS_DEPLOYMENT_TARGET = 15.0;
				MTL_ENABLE_DEBUG_INFO = INCLUDE_SOURCE;
				MTL_FAST_MATH = YES;
				ONLY_ACTIVE_ARCH = YES;
				SDKROOT = iphoneos;
				SWIFT_ACTIVE_COMPILATION_CONDITIONS = DEBUG;
				SWIFT_OPTIMIZATION_LEVEL = "-Onone";
			};
			name = Debug;
		};
		844C9F54278429DC008B94C4 /* Release */ = {
			isa = XCBuildConfiguration;
			buildSettings = {
				ALWAYS_SEARCH_USER_PATHS = NO;
				CLANG_ANALYZER_NONNULL = YES;
				CLANG_ANALYZER_NUMBER_OBJECT_CONVERSION = YES_AGGRESSIVE;
				CLANG_CXX_LANGUAGE_STANDARD = "gnu++17";
				CLANG_CXX_LIBRARY = "libc++";
				CLANG_ENABLE_MODULES = YES;
				CLANG_ENABLE_OBJC_ARC = YES;
				CLANG_ENABLE_OBJC_WEAK = YES;
				CLANG_WARN_BLOCK_CAPTURE_AUTORELEASING = YES;
				CLANG_WARN_BOOL_CONVERSION = YES;
				CLANG_WARN_COMMA = YES;
				CLANG_WARN_CONSTANT_CONVERSION = YES;
				CLANG_WARN_DEPRECATED_OBJC_IMPLEMENTATIONS = YES;
				CLANG_WARN_DIRECT_OBJC_ISA_USAGE = YES_ERROR;
				CLANG_WARN_DOCUMENTATION_COMMENTS = YES;
				CLANG_WARN_EMPTY_BODY = YES;
				CLANG_WARN_ENUM_CONVERSION = YES;
				CLANG_WARN_INFINITE_RECURSION = YES;
				CLANG_WARN_INT_CONVERSION = YES;
				CLANG_WARN_NON_LITERAL_NULL_CONVERSION = YES;
				CLANG_WARN_OBJC_IMPLICIT_RETAIN_SELF = YES;
				CLANG_WARN_OBJC_LITERAL_CONVERSION = YES;
				CLANG_WARN_OBJC_ROOT_CLASS = YES_ERROR;
				CLANG_WARN_QUOTED_INCLUDE_IN_FRAMEWORK_HEADER = YES;
				CLANG_WARN_RANGE_LOOP_ANALYSIS = YES;
				CLANG_WARN_STRICT_PROTOTYPES = YES;
				CLANG_WARN_SUSPICIOUS_MOVE = YES;
				CLANG_WARN_UNGUARDED_AVAILABILITY = YES_AGGRESSIVE;
				CLANG_WARN_UNREACHABLE_CODE = YES;
				CLANG_WARN__DUPLICATE_METHOD_MATCH = YES;
				COPY_PHASE_STRIP = NO;
				DEBUG_INFORMATION_FORMAT = "dwarf-with-dsym";
				ENABLE_NS_ASSERTIONS = NO;
				ENABLE_STRICT_OBJC_MSGSEND = YES;
				GCC_C_LANGUAGE_STANDARD = gnu11;
				GCC_NO_COMMON_BLOCKS = YES;
				GCC_WARN_64_TO_32_BIT_CONVERSION = YES;
				GCC_WARN_ABOUT_RETURN_TYPE = YES_ERROR;
				GCC_WARN_UNDECLARED_SELECTOR = YES;
				GCC_WARN_UNINITIALIZED_AUTOS = YES_AGGRESSIVE;
				GCC_WARN_UNUSED_FUNCTION = YES;
				GCC_WARN_UNUSED_VARIABLE = YES;
				IPHONEOS_DEPLOYMENT_TARGET = 15.0;
				MTL_ENABLE_DEBUG_INFO = NO;
				MTL_FAST_MATH = YES;
				SDKROOT = iphoneos;
				SWIFT_COMPILATION_MODE = wholemodule;
				SWIFT_OPTIMIZATION_LEVEL = "-O";
				VALIDATE_PRODUCT = YES;
			};
			name = Release;
		};
		844C9F56278429DC008B94C4 /* Debug */ = {
			isa = XCBuildConfiguration;
			buildSettings = {
				ASSETCATALOG_COMPILER_APPICON_NAME = AppIcon;
				ASSETCATALOG_COMPILER_GLOBAL_ACCENT_COLOR_NAME = AccentColor;
				CODE_SIGN_STYLE = Automatic;
				CURRENT_PROJECT_VERSION = 1;
				GENERATE_INFOPLIST_FILE = YES;
				INFOPLIST_FILE = Countries/Info.plist;
				INFOPLIST_KEY_UIApplicationSupportsIndirectInputEvents = YES;
				INFOPLIST_KEY_UILaunchStoryboardName = LaunchScreen;
				INFOPLIST_KEY_UISupportedInterfaceOrientations_iPad = "UIInterfaceOrientationPortrait UIInterfaceOrientationPortraitUpsideDown UIInterfaceOrientationLandscapeLeft UIInterfaceOrientationLandscapeRight";
				INFOPLIST_KEY_UISupportedInterfaceOrientations_iPhone = "UIInterfaceOrientationPortrait UIInterfaceOrientationLandscapeLeft UIInterfaceOrientationLandscapeRight";
				LD_RUNPATH_SEARCH_PATHS = (
					"$(inherited)",
					"@executable_path/Frameworks",
				);
				MARKETING_VERSION = 1.0;
				PRODUCT_BUNDLE_IDENTIFIER = com.canyoldas.Countries;
				PRODUCT_NAME = "$(TARGET_NAME)";
				SWIFT_EMIT_LOC_STRINGS = YES;
				SWIFT_VERSION = 5.0;
				TARGETED_DEVICE_FAMILY = "1,2";
			};
			name = Debug;
		};
		844C9F57278429DC008B94C4 /* Release */ = {
			isa = XCBuildConfiguration;
			buildSettings = {
				ASSETCATALOG_COMPILER_APPICON_NAME = AppIcon;
				ASSETCATALOG_COMPILER_GLOBAL_ACCENT_COLOR_NAME = AccentColor;
				CODE_SIGN_STYLE = Automatic;
				CURRENT_PROJECT_VERSION = 1;
				GENERATE_INFOPLIST_FILE = YES;
				INFOPLIST_FILE = Countries/Info.plist;
				INFOPLIST_KEY_UIApplicationSupportsIndirectInputEvents = YES;
				INFOPLIST_KEY_UILaunchStoryboardName = LaunchScreen;
				INFOPLIST_KEY_UISupportedInterfaceOrientations_iPad = "UIInterfaceOrientationPortrait UIInterfaceOrientationPortraitUpsideDown UIInterfaceOrientationLandscapeLeft UIInterfaceOrientationLandscapeRight";
				INFOPLIST_KEY_UISupportedInterfaceOrientations_iPhone = "UIInterfaceOrientationPortrait UIInterfaceOrientationLandscapeLeft UIInterfaceOrientationLandscapeRight";
				LD_RUNPATH_SEARCH_PATHS = (
					"$(inherited)",
					"@executable_path/Frameworks",
				);
				MARKETING_VERSION = 1.0;
				PRODUCT_BUNDLE_IDENTIFIER = com.canyoldas.Countries;
				PRODUCT_NAME = "$(TARGET_NAME)";
				SWIFT_EMIT_LOC_STRINGS = YES;
				SWIFT_VERSION = 5.0;
				TARGETED_DEVICE_FAMILY = "1,2";
			};
			name = Release;
		};
/* End XCBuildConfiguration section */

/* Begin XCConfigurationList section */
		844C9F3C278429D8008B94C4 /* Build configuration list for PBXProject "Countries" */ = {
			isa = XCConfigurationList;
			buildConfigurations = (
				844C9F53278429DC008B94C4 /* Debug */,
				844C9F54278429DC008B94C4 /* Release */,
			);
			defaultConfigurationIsVisible = 0;
			defaultConfigurationName = Release;
		};
		844C9F55278429DC008B94C4 /* Build configuration list for PBXNativeTarget "Countries" */ = {
			isa = XCConfigurationList;
			buildConfigurations = (
				844C9F56278429DC008B94C4 /* Debug */,
				844C9F57278429DC008B94C4 /* Release */,
			);
			defaultConfigurationIsVisible = 0;
			defaultConfigurationName = Release;
		};
/* End XCConfigurationList section */

/* Begin XCRemoteSwiftPackageReference section */
		844C9F5927842FE1008B94C4 /* XCRemoteSwiftPackageReference "BaseModules" */ = {
			isa = XCRemoteSwiftPackageReference;
			repositoryURL = "https://github.com/canyoldas0/BaseModules";
			requirement = {
				branch = main;
				kind = branch;
			};
		};
		844C9F5C27842FF0008B94C4 /* XCRemoteSwiftPackageReference "SnapKit" */ = {
			isa = XCRemoteSwiftPackageReference;
			repositoryURL = "https://github.com/SnapKit/SnapKit.git";
			requirement = {
				branch = develop;
				kind = branch;
			};
		};
/* End XCRemoteSwiftPackageReference section */

/* Begin XCSwiftPackageProductDependency section */
		844C9F5A27842FE1008B94C4 /* BaseModules */ = {
			isa = XCSwiftPackageProductDependency;
			package = 844C9F5927842FE1008B94C4 /* XCRemoteSwiftPackageReference "BaseModules" */;
			productName = BaseModules;
		};
		844C9F5D27842FF0008B94C4 /* SnapKit */ = {
			isa = XCSwiftPackageProductDependency;
			package = 844C9F5C27842FF0008B94C4 /* XCRemoteSwiftPackageReference "SnapKit" */;
			productName = SnapKit;
		};
/* End XCSwiftPackageProductDependency section */
	};
	rootObject = 844C9F39278429D8008B94C4 /* Project object */;
}
